
Microsoft Visual Studio Solution File, Format Version 12.00
# Visual Studio Version 17
VisualStudioVersion = 17.11.35327.3
MinimumVisualStudioVersion = 10.0.40219.1
Project("{9A19103F-16F7-4668-BE54-9A1E7A4F7556}") = "hm_ToSum_v2", "hm_ToSum_v2.csproj", "{77069ED8-8646-4460-8393-F773C0B41918}"
EndProject
Project("{9A19103F-16F7-4668-BE54-9A1E7A4F7556}") = "ToSumTests", "..\ToSumTests\ToSumTests.csproj", "{BF438F51-4FA2-496D-B8AB-E2CE9A2E0785}"
EndProject
Global
	GlobalSection(SolutionConfigurationPlatforms) = preSolution
		Debug|Any CPU = Debug|Any CPU
		Release|Any CPU = Release|Any CPU
	EndGlobalSection
	GlobalSection(ProjectConfigurationPlatforms) = postSolution
		{77069ED8-8646-4460-8393-F773C0B41918}.Debug|Any CPU.ActiveCfg = Debug|Any CPU
		{77069ED8-8646-4460-8393-F773C0B41918}.Debug|Any CPU.Build.0 = Debug|Any CPU
		{77069ED8-8646-4460-8393-F773C0B41918}.Release|Any CPU.ActiveCfg = Release|Any CPU
		{77069ED8-8646-4460-8393-F773C0B41918}.Release|Any CPU.Build.0 = Release|Any CPU
		{BF438F51-4FA2-496D-B8AB-E2CE9A2E0785}.Debug|Any CPU.ActiveCfg = Debug|Any CPU
		{BF438F51-4FA2-496D-B8AB-E2CE9A2E0785}.Debug|Any CPU.Build.0 = Debug|Any CPU
		{BF438F51-4FA2-496D-B8AB-E2CE9A2E0785}.Release|Any CPU.ActiveCfg = Release|Any CPU
		{BF438F51-4FA2-496D-B8AB-E2CE9A2E0785}.Release|Any CPU.Build.0 = Release|Any CPU
	EndGlobalSection
	GlobalSection(SolutionProperties) = preSolution
		HideSolutionNode = FALSE
	EndGlobalSection
	GlobalSection(ExtensibilityGlobals) = postSolution
		SolutionGuid = {2602DC07-B678-4EB7-A2D7-7F2F1F911EA9}
	EndGlobalSection
EndGlobal
